
Microsoft Visual Studio Solution File, Format Version 12.00
# Visual Studio 15
VisualStudioVersion = 15.0.27130.2026
MinimumVisualStudioVersion = 10.0.40219.1
Project("{888888A0-9F3D-457C-B088-3A5042F75D52}") = "TCPServer", "TCPServer\TCPServer.pyproj", "{D1BE6840-7A7B-4D3C-921C-AA93C345AACE}"
EndProject
Global
	GlobalSection(SolutionConfigurationPlatforms) = preSolution
		Debug|Any CPU = Debug|Any CPU
		Release|Any CPU = Release|Any CPU
	EndGlobalSection
	GlobalSection(ProjectConfigurationPlatforms) = postSolution
		{D1BE6840-7A7B-4D3C-921C-AA93C345AACE}.Debug|Any CPU.ActiveCfg = Debug|Any CPU
		{D1BE6840-7A7B-4D3C-921C-AA93C345AACE}.Release|Any CPU.ActiveCfg = Release|Any CPU
	EndGlobalSection
	GlobalSection(SolutionProperties) = preSolution
		HideSolutionNode = FALSE
	EndGlobalSection
	GlobalSection(ExtensibilityGlobals) = postSolution
		SolutionGuid = {382FBEE8-770B-49E7-9667-76352A58E233}
	EndGlobalSection
EndGlobal
