
Microsoft Visual Studio Solution File, Format Version 12.00
# Visual Studio 15
VisualStudioVersion = 15.0.27703.2000
MinimumVisualStudioVersion = 10.0.40219.1
Project("{FAE04EC0-301F-11D3-BF4B-00C04F79EFBC}") = "SmartGridDemoProgram", "SmartGridDemoProgram\SmartGridDemoProgram.csproj", "{462FE35A-2B72-4BDA-9E1F-DB95C26A5855}"
EndProject
Global
	GlobalSection(SolutionConfigurationPlatforms) = preSolution
		Debug|Any CPU = Debug|Any CPU
		Release|Any CPU = Release|Any CPU
	EndGlobalSection
	GlobalSection(ProjectConfigurationPlatforms) = postSolution
		{462FE35A-2B72-4BDA-9E1F-DB95C26A5855}.Debug|Any CPU.ActiveCfg = Debug|Any CPU
		{462FE35A-2B72-4BDA-9E1F-DB95C26A5855}.Debug|Any CPU.Build.0 = Debug|Any CPU
		{462FE35A-2B72-4BDA-9E1F-DB95C26A5855}.Release|Any CPU.ActiveCfg = Release|Any CPU
		{462FE35A-2B72-4BDA-9E1F-DB95C26A5855}.Release|Any CPU.Build.0 = Release|Any CPU
	EndGlobalSection
	GlobalSection(SolutionProperties) = preSolution
		HideSolutionNode = FALSE
	EndGlobalSection
	GlobalSection(ExtensibilityGlobals) = postSolution
		SolutionGuid = {712C9301-F930-4D27-8ACB-CE09D6399AF8}
	EndGlobalSection
EndGlobal
