
Microsoft Visual Studio Solution File, Format Version 12.00
# Visual Studio 15
VisualStudioVersion = 15.0.27428.2037
MinimumVisualStudioVersion = 10.0.40219.1
Project("{FAE04EC0-301F-11D3-BF4B-00C04F79EFBC}") = "Handin32", "Handin32\Handin32.csproj", "{9E831949-4818-43B8-A90C-103F9895660D}"
EndProject
Global
	GlobalSection(SolutionConfigurationPlatforms) = preSolution
		Debug|Any CPU = Debug|Any CPU
		Release|Any CPU = Release|Any CPU
	EndGlobalSection
	GlobalSection(ProjectConfigurationPlatforms) = postSolution
		{9E831949-4818-43B8-A90C-103F9895660D}.Debug|Any CPU.ActiveCfg = Debug|Any CPU
		{9E831949-4818-43B8-A90C-103F9895660D}.Debug|Any CPU.Build.0 = Debug|Any CPU
		{9E831949-4818-43B8-A90C-103F9895660D}.Release|Any CPU.ActiveCfg = Release|Any CPU
		{9E831949-4818-43B8-A90C-103F9895660D}.Release|Any CPU.Build.0 = Release|Any CPU
	EndGlobalSection
	GlobalSection(SolutionProperties) = preSolution
		HideSolutionNode = FALSE
	EndGlobalSection
	GlobalSection(ExtensibilityGlobals) = postSolution
		SolutionGuid = {04DBC1DB-BDA4-48F1-99FE-CF4F5593DDCC}
	EndGlobalSection
EndGlobal
