
Microsoft Visual Studio Solution File, Format Version 12.00
# Visual Studio 15
VisualStudioVersion = 15.0.27130.2036
MinimumVisualStudioVersion = 10.0.40219.1
Project("{FAE04EC0-301F-11D3-BF4B-00C04F79EFBC}") = "RouletteGame", "RouletteGame\RouletteGame.csproj", "{6603448A-0A93-4BB9-99DC-000FA59466F5}"
EndProject
Project("{FAE04EC0-301F-11D3-BF4B-00C04F79EFBC}") = "RouletteGame.Tests.Unit", "RouletteGame.Tests.Unit\RouletteGame.Tests.Unit.csproj", "{7A8123A6-59FC-4E5A-BF5D-DDE9DAF69DFF}"
EndProject
Project("{FAE04EC0-301F-11D3-BF4B-00C04F79EFBC}") = "RouletteGame.Tests.Integration", "RouletteGame.Tests.Integration\RouletteGame.Tests.Integration.csproj", "{E853348C-F49D-440A-BF28-5C5AF113C3E1}"
EndProject
Project("{FAE04EC0-301F-11D3-BF4B-00C04F79EFBC}") = "RouletteGame.Application", "RouletteGame.Application\RouletteGame.Application.csproj", "{2FA19F1E-BEEB-4D65-880A-B37F59051A9C}"
EndProject
Global
	GlobalSection(SolutionConfigurationPlatforms) = preSolution
		Debug|Any CPU = Debug|Any CPU
		Debug|Mixed Platforms = Debug|Mixed Platforms
		Debug|x86 = Debug|x86
		Release|Any CPU = Release|Any CPU
		Release|Mixed Platforms = Release|Mixed Platforms
		Release|x86 = Release|x86
		Unit Test Only|Any CPU = Unit Test Only|Any CPU
		Unit Test Only|Mixed Platforms = Unit Test Only|Mixed Platforms
		Unit Test Only|x86 = Unit Test Only|x86
	EndGlobalSection
	GlobalSection(ProjectConfigurationPlatforms) = postSolution
		{6603448A-0A93-4BB9-99DC-000FA59466F5}.Debug|Any CPU.ActiveCfg = Debug|Any CPU
		{6603448A-0A93-4BB9-99DC-000FA59466F5}.Debug|Any CPU.Build.0 = Debug|Any CPU
		{6603448A-0A93-4BB9-99DC-000FA59466F5}.Debug|Mixed Platforms.ActiveCfg = Debug|Any CPU
		{6603448A-0A93-4BB9-99DC-000FA59466F5}.Debug|Mixed Platforms.Build.0 = Debug|Any CPU
		{6603448A-0A93-4BB9-99DC-000FA59466F5}.Debug|x86.ActiveCfg = Debug|Any CPU
		{6603448A-0A93-4BB9-99DC-000FA59466F5}.Release|Any CPU.ActiveCfg = Release|Any CPU
		{6603448A-0A93-4BB9-99DC-000FA59466F5}.Release|Any CPU.Build.0 = Release|Any CPU
		{6603448A-0A93-4BB9-99DC-000FA59466F5}.Release|Mixed Platforms.ActiveCfg = Release|Any CPU
		{6603448A-0A93-4BB9-99DC-000FA59466F5}.Release|Mixed Platforms.Build.0 = Release|Any CPU
		{6603448A-0A93-4BB9-99DC-000FA59466F5}.Release|x86.ActiveCfg = Release|Any CPU
		{6603448A-0A93-4BB9-99DC-000FA59466F5}.Unit Test Only|Any CPU.ActiveCfg = Debug|Any CPU
		{6603448A-0A93-4BB9-99DC-000FA59466F5}.Unit Test Only|Any CPU.Build.0 = Debug|Any CPU
		{6603448A-0A93-4BB9-99DC-000FA59466F5}.Unit Test Only|Mixed Platforms.ActiveCfg = Debug|Any CPU
		{6603448A-0A93-4BB9-99DC-000FA59466F5}.Unit Test Only|Mixed Platforms.Build.0 = Debug|Any CPU
		{6603448A-0A93-4BB9-99DC-000FA59466F5}.Unit Test Only|x86.ActiveCfg = Debug|Any CPU
		{7A8123A6-59FC-4E5A-BF5D-DDE9DAF69DFF}.Debug|Any CPU.ActiveCfg = Debug|Any CPU
		{7A8123A6-59FC-4E5A-BF5D-DDE9DAF69DFF}.Debug|Any CPU.Build.0 = Debug|Any CPU
		{7A8123A6-59FC-4E5A-BF5D-DDE9DAF69DFF}.Debug|Mixed Platforms.ActiveCfg = Debug|Any CPU
		{7A8123A6-59FC-4E5A-BF5D-DDE9DAF69DFF}.Debug|Mixed Platforms.Build.0 = Debug|Any CPU
		{7A8123A6-59FC-4E5A-BF5D-DDE9DAF69DFF}.Debug|x86.ActiveCfg = Debug|Any CPU
		{7A8123A6-59FC-4E5A-BF5D-DDE9DAF69DFF}.Release|Any CPU.ActiveCfg = Release|Any CPU
		{7A8123A6-59FC-4E5A-BF5D-DDE9DAF69DFF}.Release|Any CPU.Build.0 = Release|Any CPU
		{7A8123A6-59FC-4E5A-BF5D-DDE9DAF69DFF}.Release|Mixed Platforms.ActiveCfg = Release|Any CPU
		{7A8123A6-59FC-4E5A-BF5D-DDE9DAF69DFF}.Release|Mixed Platforms.Build.0 = Release|Any CPU
		{7A8123A6-59FC-4E5A-BF5D-DDE9DAF69DFF}.Release|x86.ActiveCfg = Release|Any CPU
		{7A8123A6-59FC-4E5A-BF5D-DDE9DAF69DFF}.Unit Test Only|Any CPU.ActiveCfg = Debug|Any CPU
		{7A8123A6-59FC-4E5A-BF5D-DDE9DAF69DFF}.Unit Test Only|Any CPU.Build.0 = Debug|Any CPU
		{7A8123A6-59FC-4E5A-BF5D-DDE9DAF69DFF}.Unit Test Only|Mixed Platforms.ActiveCfg = Debug|Any CPU
		{7A8123A6-59FC-4E5A-BF5D-DDE9DAF69DFF}.Unit Test Only|Mixed Platforms.Build.0 = Debug|Any CPU
		{7A8123A6-59FC-4E5A-BF5D-DDE9DAF69DFF}.Unit Test Only|x86.ActiveCfg = Debug|Any CPU
		{E853348C-F49D-440A-BF28-5C5AF113C3E1}.Debug|Any CPU.ActiveCfg = Debug|Any CPU
		{E853348C-F49D-440A-BF28-5C5AF113C3E1}.Debug|Any CPU.Build.0 = Debug|Any CPU
		{E853348C-F49D-440A-BF28-5C5AF113C3E1}.Debug|Mixed Platforms.ActiveCfg = Debug|Any CPU
		{E853348C-F49D-440A-BF28-5C5AF113C3E1}.Debug|Mixed Platforms.Build.0 = Debug|Any CPU
		{E853348C-F49D-440A-BF28-5C5AF113C3E1}.Debug|x86.ActiveCfg = Debug|Any CPU
		{E853348C-F49D-440A-BF28-5C5AF113C3E1}.Debug|x86.Build.0 = Debug|Any CPU
		{E853348C-F49D-440A-BF28-5C5AF113C3E1}.Release|Any CPU.ActiveCfg = Release|Any CPU
		{E853348C-F49D-440A-BF28-5C5AF113C3E1}.Release|Any CPU.Build.0 = Release|Any CPU
		{E853348C-F49D-440A-BF28-5C5AF113C3E1}.Release|Mixed Platforms.ActiveCfg = Release|Any CPU
		{E853348C-F49D-440A-BF28-5C5AF113C3E1}.Release|Mixed Platforms.Build.0 = Release|Any CPU
		{E853348C-F49D-440A-BF28-5C5AF113C3E1}.Release|x86.ActiveCfg = Release|Any CPU
		{E853348C-F49D-440A-BF28-5C5AF113C3E1}.Release|x86.Build.0 = Release|Any CPU
		{E853348C-F49D-440A-BF28-5C5AF113C3E1}.Unit Test Only|Any CPU.ActiveCfg = Debug|Any CPU
		{E853348C-F49D-440A-BF28-5C5AF113C3E1}.Unit Test Only|Mixed Platforms.ActiveCfg = Debug|Any CPU
		{E853348C-F49D-440A-BF28-5C5AF113C3E1}.Unit Test Only|Mixed Platforms.Build.0 = Debug|Any CPU
		{E853348C-F49D-440A-BF28-5C5AF113C3E1}.Unit Test Only|x86.ActiveCfg = Debug|Any CPU
		{E853348C-F49D-440A-BF28-5C5AF113C3E1}.Unit Test Only|x86.Build.0 = Debug|Any CPU
		{2FA19F1E-BEEB-4D65-880A-B37F59051A9C}.Debug|Any CPU.ActiveCfg = Debug|Any CPU
		{2FA19F1E-BEEB-4D65-880A-B37F59051A9C}.Debug|Any CPU.Build.0 = Debug|Any CPU
		{2FA19F1E-BEEB-4D65-880A-B37F59051A9C}.Debug|Mixed Platforms.ActiveCfg = Debug|Any CPU
		{2FA19F1E-BEEB-4D65-880A-B37F59051A9C}.Debug|Mixed Platforms.Build.0 = Debug|Any CPU
		{2FA19F1E-BEEB-4D65-880A-B37F59051A9C}.Debug|x86.ActiveCfg = Debug|Any CPU
		{2FA19F1E-BEEB-4D65-880A-B37F59051A9C}.Debug|x86.Build.0 = Debug|Any CPU
		{2FA19F1E-BEEB-4D65-880A-B37F59051A9C}.Release|Any CPU.ActiveCfg = Release|Any CPU
		{2FA19F1E-BEEB-4D65-880A-B37F59051A9C}.Release|Any CPU.Build.0 = Release|Any CPU
		{2FA19F1E-BEEB-4D65-880A-B37F59051A9C}.Release|Mixed Platforms.ActiveCfg = Release|Any CPU
		{2FA19F1E-BEEB-4D65-880A-B37F59051A9C}.Release|Mixed Platforms.Build.0 = Release|Any CPU
		{2FA19F1E-BEEB-4D65-880A-B37F59051A9C}.Release|x86.ActiveCfg = Release|Any CPU
		{2FA19F1E-BEEB-4D65-880A-B37F59051A9C}.Release|x86.Build.0 = Release|Any CPU
		{2FA19F1E-BEEB-4D65-880A-B37F59051A9C}.Unit Test Only|Any CPU.ActiveCfg = Debug|Any CPU
		{2FA19F1E-BEEB-4D65-880A-B37F59051A9C}.Unit Test Only|Mixed Platforms.ActiveCfg = Debug|Any CPU
		{2FA19F1E-BEEB-4D65-880A-B37F59051A9C}.Unit Test Only|Mixed Platforms.Build.0 = Debug|Any CPU
		{2FA19F1E-BEEB-4D65-880A-B37F59051A9C}.Unit Test Only|x86.ActiveCfg = Debug|Any CPU
		{2FA19F1E-BEEB-4D65-880A-B37F59051A9C}.Unit Test Only|x86.Build.0 = Debug|Any CPU
	EndGlobalSection
	GlobalSection(SolutionProperties) = preSolution
		HideSolutionNode = FALSE
	EndGlobalSection
	GlobalSection(ExtensibilityGlobals) = postSolution
		SolutionGuid = {10D4965E-21BC-4FD7-8B5A-DC0A93F15681}
	EndGlobalSection
	GlobalSection(SubversionScc) = preSolution
		Svn-Managed = True
		Manager = AnkhSVN - Subversion Support for Visual Studio
	EndGlobalSection
EndGlobal
