
Microsoft Visual Studio Solution File, Format Version 12.00
# Visual Studio 15
VisualStudioVersion = 15.0.27428.2027
MinimumVisualStudioVersion = 10.0.40219.1
Project("{9A19103F-16F7-4668-BE54-9A1E7A4F7556}") = "MasterApplication", "MasterApplication\MasterApplication.csproj", "{1E8A5A7C-D952-4C7A-A13F-CCAC04E4EE28}"
EndProject
Project("{FAE04EC0-301F-11D3-BF4B-00C04F79EFBC}") = "MasterApplication.Unit.Test", "MasterApplication.Unit.Test\MasterApplication.Unit.Test.csproj", "{69E87481-2E60-4188-8989-3450705F927D}"
EndProject
Global
	GlobalSection(SolutionConfigurationPlatforms) = preSolution
		Debug|Any CPU = Debug|Any CPU
		Release|Any CPU = Release|Any CPU
	EndGlobalSection
	GlobalSection(ProjectConfigurationPlatforms) = postSolution
		{1E8A5A7C-D952-4C7A-A13F-CCAC04E4EE28}.Debug|Any CPU.ActiveCfg = Debug|Any CPU
		{1E8A5A7C-D952-4C7A-A13F-CCAC04E4EE28}.Debug|Any CPU.Build.0 = Debug|Any CPU
		{1E8A5A7C-D952-4C7A-A13F-CCAC04E4EE28}.Release|Any CPU.ActiveCfg = Release|Any CPU
		{1E8A5A7C-D952-4C7A-A13F-CCAC04E4EE28}.Release|Any CPU.Build.0 = Release|Any CPU
		{69E87481-2E60-4188-8989-3450705F927D}.Debug|Any CPU.ActiveCfg = Debug|Any CPU
		{69E87481-2E60-4188-8989-3450705F927D}.Debug|Any CPU.Build.0 = Debug|Any CPU
		{69E87481-2E60-4188-8989-3450705F927D}.Release|Any CPU.ActiveCfg = Release|Any CPU
		{69E87481-2E60-4188-8989-3450705F927D}.Release|Any CPU.Build.0 = Release|Any CPU
	EndGlobalSection
	GlobalSection(SolutionProperties) = preSolution
		HideSolutionNode = FALSE
	EndGlobalSection
	GlobalSection(ExtensibilityGlobals) = postSolution
		SolutionGuid = {3F4AE901-6E43-4AAE-8BF5-CA6AE9BD8846}
	EndGlobalSection
EndGlobal
