
Microsoft Visual Studio Solution File, Format Version 12.00
# Visual Studio 15
VisualStudioVersion = 15.0.27130.2027
MinimumVisualStudioVersion = 10.0.40219.1
Project("{FAE04EC0-301F-11D3-BF4B-00C04F79EFBC}") = "RouletteGame.Legacy", "RouletteGame.Legacy\RouletteGame.Legacy.csproj", "{8DB02F2D-DF86-4A3B-B94D-0374C1ECB9ED}"
EndProject
Project("{FAE04EC0-301F-11D3-BF4B-00C04F79EFBC}") = "Roulette.Unit.Test", "Roulette.Unit.Test\Roulette.Unit.Test.csproj", "{A52FD5BB-6992-431B-9240-D8BE0D19AE8D}"
EndProject
Global
	GlobalSection(SolutionConfigurationPlatforms) = preSolution
		Debug|Any CPU = Debug|Any CPU
		Release|Any CPU = Release|Any CPU
	EndGlobalSection
	GlobalSection(ProjectConfigurationPlatforms) = postSolution
		{8DB02F2D-DF86-4A3B-B94D-0374C1ECB9ED}.Debug|Any CPU.ActiveCfg = Debug|Any CPU
		{8DB02F2D-DF86-4A3B-B94D-0374C1ECB9ED}.Debug|Any CPU.Build.0 = Debug|Any CPU
		{8DB02F2D-DF86-4A3B-B94D-0374C1ECB9ED}.Release|Any CPU.ActiveCfg = Release|Any CPU
		{8DB02F2D-DF86-4A3B-B94D-0374C1ECB9ED}.Release|Any CPU.Build.0 = Release|Any CPU
		{A52FD5BB-6992-431B-9240-D8BE0D19AE8D}.Debug|Any CPU.ActiveCfg = Debug|Any CPU
		{A52FD5BB-6992-431B-9240-D8BE0D19AE8D}.Debug|Any CPU.Build.0 = Debug|Any CPU
		{A52FD5BB-6992-431B-9240-D8BE0D19AE8D}.Release|Any CPU.ActiveCfg = Release|Any CPU
		{A52FD5BB-6992-431B-9240-D8BE0D19AE8D}.Release|Any CPU.Build.0 = Release|Any CPU
	EndGlobalSection
	GlobalSection(SolutionProperties) = preSolution
		HideSolutionNode = FALSE
	EndGlobalSection
	GlobalSection(ExtensibilityGlobals) = postSolution
		SolutionGuid = {962162CD-E532-48D5-9304-63D4880CF8EF}
	EndGlobalSection
EndGlobal
