
Microsoft Visual Studio Solution File, Format Version 12.00
# Visual Studio 15
VisualStudioVersion = 15.0.27130.2036
MinimumVisualStudioVersion = 10.0.40219.1
Project("{FAE04EC0-301F-11D3-BF4B-00C04F79EFBC}") = "ConsoleApp4", "ConsoleApp4\ConsoleApp4.csproj", "{08A703CD-DA28-4D20-A284-12F60449411F}"
EndProject
Global
	GlobalSection(SolutionConfigurationPlatforms) = preSolution
		Debug|Any CPU = Debug|Any CPU
		Release|Any CPU = Release|Any CPU
	EndGlobalSection
	GlobalSection(ProjectConfigurationPlatforms) = postSolution
		{08A703CD-DA28-4D20-A284-12F60449411F}.Debug|Any CPU.ActiveCfg = Debug|Any CPU
		{08A703CD-DA28-4D20-A284-12F60449411F}.Debug|Any CPU.Build.0 = Debug|Any CPU
		{08A703CD-DA28-4D20-A284-12F60449411F}.Release|Any CPU.ActiveCfg = Release|Any CPU
		{08A703CD-DA28-4D20-A284-12F60449411F}.Release|Any CPU.Build.0 = Release|Any CPU
	EndGlobalSection
	GlobalSection(SolutionProperties) = preSolution
		HideSolutionNode = FALSE
	EndGlobalSection
	GlobalSection(ExtensibilityGlobals) = postSolution
		SolutionGuid = {F5676599-FBF1-4098-AC1D-BF57DECAFBFE}
	EndGlobalSection
EndGlobal
