
Microsoft Visual Studio Solution File, Format Version 12.00
# Visual Studio 15
VisualStudioVersion = 15.0.27130.2027
MinimumVisualStudioVersion = 10.0.40219.1
Project("{FAE04EC0-301F-11D3-BF4B-00C04F79EFBC}") = "ATM", "ATM\ATM.csproj", "{7FA0EFB9-735C-4AB0-9230-BEB220DA88C2}"
EndProject
Project("{FAE04EC0-301F-11D3-BF4B-00C04F79EFBC}") = "UnitTest", "UnitTest\UnitTest.csproj", "{A5609AF6-CFC0-4729-B209-47FD232882BF}"
EndProject
Project("{FAE04EC0-301F-11D3-BF4B-00C04F79EFBC}") = "TransponderLib", "TransponderLib\TransponderLib.csproj", "{48763EE9-20B4-493B-AF46-0FCCF46182FA}"
EndProject
Global
	GlobalSection(SolutionConfigurationPlatforms) = preSolution
		Debug|Any CPU = Debug|Any CPU
		Release|Any CPU = Release|Any CPU
	EndGlobalSection
	GlobalSection(ProjectConfigurationPlatforms) = postSolution
		{7FA0EFB9-735C-4AB0-9230-BEB220DA88C2}.Debug|Any CPU.ActiveCfg = Debug|Any CPU
		{7FA0EFB9-735C-4AB0-9230-BEB220DA88C2}.Debug|Any CPU.Build.0 = Debug|Any CPU
		{7FA0EFB9-735C-4AB0-9230-BEB220DA88C2}.Release|Any CPU.ActiveCfg = Release|Any CPU
		{7FA0EFB9-735C-4AB0-9230-BEB220DA88C2}.Release|Any CPU.Build.0 = Release|Any CPU
		{A5609AF6-CFC0-4729-B209-47FD232882BF}.Debug|Any CPU.ActiveCfg = Debug|Any CPU
		{A5609AF6-CFC0-4729-B209-47FD232882BF}.Debug|Any CPU.Build.0 = Debug|Any CPU
		{A5609AF6-CFC0-4729-B209-47FD232882BF}.Release|Any CPU.ActiveCfg = Release|Any CPU
		{A5609AF6-CFC0-4729-B209-47FD232882BF}.Release|Any CPU.Build.0 = Release|Any CPU
		{48763EE9-20B4-493B-AF46-0FCCF46182FA}.Debug|Any CPU.ActiveCfg = Debug|Any CPU
		{48763EE9-20B4-493B-AF46-0FCCF46182FA}.Debug|Any CPU.Build.0 = Debug|Any CPU
		{48763EE9-20B4-493B-AF46-0FCCF46182FA}.Release|Any CPU.ActiveCfg = Release|Any CPU
		{48763EE9-20B4-493B-AF46-0FCCF46182FA}.Release|Any CPU.Build.0 = Release|Any CPU
	EndGlobalSection
	GlobalSection(SolutionProperties) = preSolution
		HideSolutionNode = FALSE
	EndGlobalSection
	GlobalSection(ExtensibilityGlobals) = postSolution
		SolutionGuid = {24CED08D-E92B-4235-B99D-F97646A1052F}
	EndGlobalSection
EndGlobal
