
Microsoft Visual Studio Solution File, Format Version 12.00
# Visual Studio 15
VisualStudioVersion = 15.0.27130.2027
MinimumVisualStudioVersion = 10.0.40219.1
Project("{FAE04EC0-301F-11D3-BF4B-00C04F79EFBC}") = "ATM", "ATM\ATM.csproj", "{96A431B9-949A-4276-94C2-B8E0E83877DD}"
EndProject
Project("{FAE04EC0-301F-11D3-BF4B-00C04F79EFBC}") = "ATM.Unit.Test", "ATM.Unit.Test\ATM.Unit.Test.csproj", "{57992784-6A1D-4F84-B0E5-1B5C41EE34BE}"
EndProject
Global
	GlobalSection(SolutionConfigurationPlatforms) = preSolution
		Debug|Any CPU = Debug|Any CPU
		Release|Any CPU = Release|Any CPU
	EndGlobalSection
	GlobalSection(ProjectConfigurationPlatforms) = postSolution
		{96A431B9-949A-4276-94C2-B8E0E83877DD}.Debug|Any CPU.ActiveCfg = Debug|Any CPU
		{96A431B9-949A-4276-94C2-B8E0E83877DD}.Debug|Any CPU.Build.0 = Debug|Any CPU
		{96A431B9-949A-4276-94C2-B8E0E83877DD}.Release|Any CPU.ActiveCfg = Release|Any CPU
		{96A431B9-949A-4276-94C2-B8E0E83877DD}.Release|Any CPU.Build.0 = Release|Any CPU
		{57992784-6A1D-4F84-B0E5-1B5C41EE34BE}.Debug|Any CPU.ActiveCfg = Debug|Any CPU
		{57992784-6A1D-4F84-B0E5-1B5C41EE34BE}.Debug|Any CPU.Build.0 = Debug|Any CPU
		{57992784-6A1D-4F84-B0E5-1B5C41EE34BE}.Release|Any CPU.ActiveCfg = Release|Any CPU
		{57992784-6A1D-4F84-B0E5-1B5C41EE34BE}.Release|Any CPU.Build.0 = Release|Any CPU
	EndGlobalSection
	GlobalSection(SolutionProperties) = preSolution
		HideSolutionNode = FALSE
	EndGlobalSection
	GlobalSection(ExtensibilityGlobals) = postSolution
		SolutionGuid = {B1B9E1CB-2F52-4AE2-87DE-249127482F4B}
	EndGlobalSection
EndGlobal
